// !$*UTF8*$!
{
	archiveVersion = 1;
	classes = {
	};
	objectVersion = 77;
	objects = {

/* Begin PBXBuildFile section */
		A42C6EBA2DDDD94E00BB4528 /* TProAthleteWatchApp Watch App.app in Embed Watch Content */ = {isa = PBXBuildFile; fileRef = A42C6EB02DDDD94D00BB4528 /* TProAthleteWatchApp Watch App.app */; settings = {ATTRIBUTES = (RemoveHeadersOnCopy, ); }; };
		A4BD434A2DCFB68800DEEA3A /* FirebaseFirestore in Frameworks */ = {isa = PBXBuildFile; productRef = A4BD43492DCFB68800DEEA3A /* FirebaseFirestore */; };
		A4BD434C2DCFB68800DEEA3A /* FirebaseFirestoreSwift in Frameworks */ = {isa = PBXBuildFile; productRef = A4BD434B2DCFB68800DEEA3A /* FirebaseFirestoreSwift */; };
		A4C41E2F2DEB1D9F00DFDC30 /* FirebaseAuth in Frameworks */ = {isa = PBXBuildFile; productRef = A4C41E2E2DEB1D9F00DFDC30 /* FirebaseAuth */; };
		A4D99D202DDDEE81001C4A3E /* WatchConnectivity.framework in Frameworks */ = {isa = PBXBuildFile; fileRef = A4D99D1F2DDDEE81001C4A3E /* WatchConnectivity.framework */; platformFilters = (ios, xros, ); };
		A4D99D222DDDF07F001C4A3E /* WatchConnectivity.framework in Frameworks */ = {isa = PBXBuildFile; fileRef = A4D99D212DDDF07F001C4A3E /* WatchConnectivity.framework */; };
/* End PBXBuildFile section */

/* Begin PBXContainerItemProxy section */
		A42C6EB82DDDD94E00BB4528 /* PBXContainerItemProxy */ = {
			isa = PBXContainerItemProxy;
			containerPortal = A4EA18BB2DC02AA100E716C7 /* Project object */;
			proxyType = 1;
			remoteGlobalIDString = A42C6EAF2DDDD94D00BB4528;
			remoteInfo = "TProAthleteWatchApp Watch App";
		};
		A4EA18D22DC02AA300E716C7 /* PBXContainerItemProxy */ = {
			isa = PBXContainerItemProxy;
			containerPortal = A4EA18BB2DC02AA100E716C7 /* Project object */;
			proxyType = 1;
			remoteGlobalIDString = A4EA18C22DC02AA100E716C7;
			remoteInfo = PunchKickTraining;
		};
		A4EA18DC2DC02AA300E716C7 /* PBXContainerItemProxy */ = {
			isa = PBXContainerItemProxy;
			containerPortal = A4EA18BB2DC02AA100E716C7 /* Project object */;
			proxyType = 1;
			remoteGlobalIDString = A4EA18C22DC02AA100E716C7;
			remoteInfo = PunchKickTraining;
		};
/* End PBXContainerItemProxy section */

/* Begin PBXCopyFilesBuildPhase section */
		A482EDA92DDCC916007822E2 /* Embed Watch Content */ = {
			isa = PBXCopyFilesBuildPhase;
			buildActionMask = 2147483647;
			dstPath = "$(CONTENTS_FOLDER_PATH)/Watch";
			dstSubfolderSpec = 16;
			files = (
				A42C6EBA2DDDD94E00BB4528 /* TProAthleteWatchApp Watch App.app in Embed Watch Content */,
			);
			name = "Embed Watch Content";
			runOnlyForDeploymentPostprocessing = 0;
		};
/* End PBXCopyFilesBuildPhase section */

/* Begin PBXFileReference section */
		A42C6EB02DDDD94D00BB4528 /* TProAthleteWatchApp Watch App.app */ = {isa = PBXFileReference; explicitFileType = wrapper.application; includeInIndex = 0; path = "TProAthleteWatchApp Watch App.app"; sourceTree = BUILT_PRODUCTS_DIR; };
		A4D99D1F2DDDEE81001C4A3E /* WatchConnectivity.framework */ = {isa = PBXFileReference; lastKnownFileType = wrapper.framework; name = WatchConnectivity.framework; path = Platforms/iPhoneOS.platform/Developer/SDKs/iPhoneOS18.4.sdk/System/Library/Frameworks/WatchConnectivity.framework; sourceTree = DEVELOPER_DIR; };
		A4D99D212DDDF07F001C4A3E /* WatchConnectivity.framework */ = {isa = PBXFileReference; lastKnownFileType = wrapper.framework; name = WatchConnectivity.framework; path = Platforms/WatchOS.platform/Developer/SDKs/WatchOS11.4.sdk/System/Library/Frameworks/WatchConnectivity.framework; sourceTree = DEVELOPER_DIR; };
		A4EA18C32DC02AA100E716C7 /* TProAthlete.app */ = {isa = PBXFileReference; explicitFileType = wrapper.application; includeInIndex = 0; path = TProAthlete.app; sourceTree = BUILT_PRODUCTS_DIR; };
		A4EA18D12DC02AA300E716C7 /* TProAthleteTests.xctest */ = {isa = PBXFileReference; explicitFileType = wrapper.cfbundle; includeInIndex = 0; path = TProAthleteTests.xctest; sourceTree = BUILT_PRODUCTS_DIR; };
		A4EA18DB2DC02AA300E716C7 /* TProAthleteUITests.xctest */ = {isa = PBXFileReference; explicitFileType = wrapper.cfbundle; includeInIndex = 0; path = TProAthleteUITests.xctest; sourceTree = BUILT_PRODUCTS_DIR; };
/* End PBXFileReference section */

/* Begin PBXFileSystemSynchronizedBuildFileExceptionSet section */
		A47AA6252DCF707F0027E681 /* Exceptions for "PunchKickTraining" folder in "TProAthlete" target */ = {
			isa = PBXFileSystemSynchronizedBuildFileExceptionSet;
			membershipExceptions = (
				Info.plist,
			);
			target = A4EA18C22DC02AA100E716C7 /* TProAthlete */;
		};
/* End PBXFileSystemSynchronizedBuildFileExceptionSet section */

/* Begin PBXFileSystemSynchronizedRootGroup section */
		A42C6EB12DDDD94D00BB4528 /* TProAthleteWatchApp Watch App */ = {
			isa = PBXFileSystemSynchronizedRootGroup;
			path = "TProAthleteWatchApp Watch App";
			sourceTree = "<group>";
		};
		A4A5484A2DCF67830086B437 /* PunchKickTraining */ = {
			isa = PBXFileSystemSynchronizedRootGroup;
			exceptions = (
				A47AA6252DCF707F0027E681 /* Exceptions for "PunchKickTraining" folder in "TProAthlete" target */,
			);
			path = PunchKickTraining;
			sourceTree = "<group>";
		};
		A4EA18D42DC02AA300E716C7 /* PunchKickTrainingTests */ = {
			isa = PBXFileSystemSynchronizedRootGroup;
			path = PunchKickTrainingTests;
			sourceTree = "<group>";
		};
		A4EA18DE2DC02AA300E716C7 /* PunchKickTrainingUITests */ = {
			isa = PBXFileSystemSynchronizedRootGroup;
			path = PunchKickTrainingUITests;
			sourceTree = "<group>";
		};
/* End PBXFileSystemSynchronizedRootGroup section */

/* Begin PBXFrameworksBuildPhase section */
		A42C6EAD2DDDD94D00BB4528 /* Frameworks */ = {
			isa = PBXFrameworksBuildPhase;
			buildActionMask = 2147483647;
			files = (
				A4D99D222DDDF07F001C4A3E /* WatchConnectivity.framework in Frameworks */,
			);
			runOnlyForDeploymentPostprocessing = 0;
		};
		A4EA18C02DC02AA100E716C7 /* Frameworks */ = {
			isa = PBXFrameworksBuildPhase;
			buildActionMask = 2147483647;
			files = (
				A4D99D202DDDEE81001C4A3E /* WatchConnectivity.framework in Frameworks */,
				A4BD434A2DCFB68800DEEA3A /* FirebaseFirestore in Frameworks */,
				A4BD434C2DCFB68800DEEA3A /* FirebaseFirestoreSwift in Frameworks */,
				A4C41E2F2DEB1D9F00DFDC30 /* FirebaseAuth in Frameworks */,
			);
			runOnlyForDeploymentPostprocessing = 0;
		};
		A4EA18CE2DC02AA300E716C7 /* Frameworks */ = {
			isa = PBXFrameworksBuildPhase;
			buildActionMask = 2147483647;
			files = (
			);
			runOnlyForDeploymentPostprocessing = 0;
		};
		A4EA18D82DC02AA300E716C7 /* Frameworks */ = {
			isa = PBXFrameworksBuildPhase;
			buildActionMask = 2147483647;
			files = (
			);
			runOnlyForDeploymentPostprocessing = 0;
		};
/* End PBXFrameworksBuildPhase section */

/* Begin PBXGroup section */
		A47AA6372DCF82170027E681 /* Frameworks */ = {
			isa = PBXGroup;
			children = (
				A4D99D212DDDF07F001C4A3E /* WatchConnectivity.framework */,
				A4D99D1F2DDDEE81001C4A3E /* WatchConnectivity.framework */,
			);
			name = Frameworks;
			sourceTree = "<group>";
		};
		A4EA18BA2DC02AA100E716C7 = {
			isa = PBXGroup;
			children = (
				A4A5484A2DCF67830086B437 /* PunchKickTraining */,
				A4EA18D42DC02AA300E716C7 /* PunchKickTrainingTests */,
				A4EA18DE2DC02AA300E716C7 /* PunchKickTrainingUITests */,
				A42C6EB12DDDD94D00BB4528 /* TProAthleteWatchApp Watch App */,
				A47AA6372DCF82170027E681 /* Frameworks */,
				A4EA18C42DC02AA100E716C7 /* Products */,
			);
			sourceTree = "<group>";
		};
		A4EA18C42DC02AA100E716C7 /* Products */ = {
			isa = PBXGroup;
			children = (
				A4EA18C32DC02AA100E716C7 /* TProAthlete.app */,
				A4EA18D12DC02AA300E716C7 /* TProAthleteTests.xctest */,
				A4EA18DB2DC02AA300E716C7 /* TProAthleteUITests.xctest */,
				A42C6EB02DDDD94D00BB4528 /* TProAthleteWatchApp Watch App.app */,
			);
			name = Products;
			sourceTree = "<group>";
		};
/* End PBXGroup section */

/* Begin PBXNativeTarget section */
		A42C6EAF2DDDD94D00BB4528 /* TProAthleteWatchApp Watch App */ = {
			isa = PBXNativeTarget;
			buildConfigurationList = A42C6EBB2DDDD94E00BB4528 /* Build configuration list for PBXNativeTarget "TProAthleteWatchApp Watch App" */;
			buildPhases = (
				A42C6EAC2DDDD94D00BB4528 /* Sources */,
				A42C6EAD2DDDD94D00BB4528 /* Frameworks */,
				A42C6EAE2DDDD94D00BB4528 /* Resources */,
			);
			buildRules = (
			);
			dependencies = (
			);
			fileSystemSynchronizedGroups = (
				A42C6EB12DDDD94D00BB4528 /* TProAthleteWatchApp Watch App */,
			);
			name = "TProAthleteWatchApp Watch App";
			packageProductDependencies = (
			);
			productName = "TProAthleteWatchApp Watch App";
			productReference = A42C6EB02DDDD94D00BB4528 /* TProAthleteWatchApp Watch App.app */;
			productType = "com.apple.product-type.application";
		};
		A4EA18C22DC02AA100E716C7 /* TProAthlete */ = {
			isa = PBXNativeTarget;
			buildConfigurationList = A4EA18E52DC02AA300E716C7 /* Build configuration list for PBXNativeTarget "TProAthlete" */;
			buildPhases = (
				A4EA18BF2DC02AA100E716C7 /* Sources */,
				A4EA18C02DC02AA100E716C7 /* Frameworks */,
				A4EA18C12DC02AA100E716C7 /* Resources */,
				A482EDA92DDCC916007822E2 /* Embed Watch Content */,
			);
			buildRules = (
			);
			dependencies = (
				A42C6EB92DDDD94E00BB4528 /* PBXTargetDependency */,
			);
			fileSystemSynchronizedGroups = (
				A4A5484A2DCF67830086B437 /* PunchKickTraining */,
			);
			name = TProAthlete;
			packageProductDependencies = (
				A4BD43492DCFB68800DEEA3A /* FirebaseFirestore */,
				A4BD434B2DCFB68800DEEA3A /* FirebaseFirestoreSwift */,
				A4C41E2E2DEB1D9F00DFDC30 /* FirebaseAuth */,
			);
			productName = PunchKickTraining;
			productReference = A4EA18C32DC02AA100E716C7 /* TProAthlete.app */;
			productType = "com.apple.product-type.application";
		};
		A4EA18D02DC02AA300E716C7 /* TProAthleteTests */ = {
			isa = PBXNativeTarget;
			buildConfigurationList = A4EA18E82DC02AA300E716C7 /* Build configuration list for PBXNativeTarget "TProAthleteTests" */;
			buildPhases = (
				A4EA18CD2DC02AA300E716C7 /* Sources */,
				A4EA18CE2DC02AA300E716C7 /* Frameworks */,
				A4EA18CF2DC02AA300E716C7 /* Resources */,
			);
			buildRules = (
			);
			dependencies = (
				A4EA18D32DC02AA300E716C7 /* PBXTargetDependency */,
			);
			fileSystemSynchronizedGroups = (
				A4EA18D42DC02AA300E716C7 /* PunchKickTrainingTests */,
			);
			name = TProAthleteTests;
			packageProductDependencies = (
			);
			productName = PunchKickTrainingTests;
			productReference = A4EA18D12DC02AA300E716C7 /* TProAthleteTests.xctest */;
			productType = "com.apple.product-type.bundle.unit-test";
		};
		A4EA18DA2DC02AA300E716C7 /* TProAthleteUITests */ = {
			isa = PBXNativeTarget;
			buildConfigurationList = A4EA18EB2DC02AA300E716C7 /* Build configuration list for PBXNativeTarget "TProAthleteUITests" */;
			buildPhases = (
				A4EA18D72DC02AA300E716C7 /* Sources */,
				A4EA18D82DC02AA300E716C7 /* Frameworks */,
				A4EA18D92DC02AA300E716C7 /* Resources */,
			);
			buildRules = (
			);
			dependencies = (
				A4EA18DD2DC02AA300E716C7 /* PBXTargetDependency */,
			);
			fileSystemSynchronizedGroups = (
				A4EA18DE2DC02AA300E716C7 /* PunchKickTrainingUITests */,
			);
			name = TProAthleteUITests;
			packageProductDependencies = (
			);
			productName = PunchKickTrainingUITests;
			productReference = A4EA18DB2DC02AA300E716C7 /* TProAthleteUITests.xctest */;
			productType = "com.apple.product-type.bundle.ui-testing";
		};
/* End PBXNativeTarget section */

/* Begin PBXProject section */
		A4EA18BB2DC02AA100E716C7 /* Project object */ = {
			isa = PBXProject;
			attributes = {
				BuildIndependentTargetsInParallel = 1;
				LastSwiftUpdateCheck = 1630;
				LastUpgradeCheck = 1630;
				TargetAttributes = {
					A42C6EAF2DDDD94D00BB4528 = {
						CreatedOnToolsVersion = 16.3;
					};
					A4EA18C22DC02AA100E716C7 = {
						CreatedOnToolsVersion = 16.3;
					};
					A4EA18D02DC02AA300E716C7 = {
						CreatedOnToolsVersion = 16.3;
						TestTargetID = A4EA18C22DC02AA100E716C7;
					};
					A4EA18DA2DC02AA300E716C7 = {
						CreatedOnToolsVersion = 16.3;
						TestTargetID = A4EA18C22DC02AA100E716C7;
					};
				};
			};
			buildConfigurationList = A4EA18BE2DC02AA100E716C7 /* Build configuration list for PBXProject "TProAthlete" */;
			developmentRegion = en;
			hasScannedForEncodings = 0;
			knownRegions = (
				en,
				Base,
			);
			mainGroup = A4EA18BA2DC02AA100E716C7;
			minimizedProjectReferenceProxies = 1;
			packageReferences = (
				A4BD43482DCFB68800DEEA3A /* XCRemoteSwiftPackageReference "firebase-ios-sdk" */,
			);
			preferredProjectObjectVersion = 77;
			productRefGroup = A4EA18C42DC02AA100E716C7 /* Products */;
			projectDirPath = "";
			projectRoot = "";
			targets = (
				A4EA18C22DC02AA100E716C7 /* TProAthlete */,
				A4EA18D02DC02AA300E716C7 /* TProAthleteTests */,
				A4EA18DA2DC02AA300E716C7 /* TProAthleteUITests */,
				A42C6EAF2DDDD94D00BB4528 /* TProAthleteWatchApp Watch App */,
			);
		};
/* End PBXProject section */

/* Begin PBXResourcesBuildPhase section */
		A42C6EAE2DDDD94D00BB4528 /* Resources */ = {
			isa = PBXResourcesBuildPhase;
			buildActionMask = 2147483647;
			files = (
			);
			runOnlyForDeploymentPostprocessing = 0;
		};
		A4EA18C12DC02AA100E716C7 /* Resources */ = {
			isa = PBXResourcesBuildPhase;
			buildActionMask = 2147483647;
			files = (
			);
			runOnlyForDeploymentPostprocessing = 0;
		};
		A4EA18CF2DC02AA300E716C7 /* Resources */ = {
			isa = PBXResourcesBuildPhase;
			buildActionMask = 2147483647;
			files = (
			);
			runOnlyForDeploymentPostprocessing = 0;
		};
		A4EA18D92DC02AA300E716C7 /* Resources */ = {
			isa = PBXResourcesBuildPhase;
			buildActionMask = 2147483647;
			files = (
			);
			runOnlyForDeploymentPostprocessing = 0;
		};
/* End PBXResourcesBuildPhase section */

/* Begin PBXSourcesBuildPhase section */
		A42C6EAC2DDDD94D00BB4528 /* Sources */ = {
			isa = PBXSourcesBuildPhase;
			buildActionMask = 2147483647;
			files = (
			);
			runOnlyForDeploymentPostprocessing = 0;
		};
		A4EA18BF2DC02AA100E716C7 /* Sources */ = {
			isa = PBXSourcesBuildPhase;
			buildActionMask = 2147483647;
			files = (
			);
			runOnlyForDeploymentPostprocessing = 0;
		};
		A4EA18CD2DC02AA300E716C7 /* Sources */ = {
			isa = PBXSourcesBuildPhase;
			buildActionMask = 2147483647;
			files = (
			);
			runOnlyForDeploymentPostprocessing = 0;
		};
		A4EA18D72DC02AA300E716C7 /* Sources */ = {
			isa = PBXSourcesBuildPhase;
			buildActionMask = 2147483647;
			files = (
			);
			runOnlyForDeploymentPostprocessing = 0;
		};
/* End PBXSourcesBuildPhase section */

/* Begin PBXTargetDependency section */
		A42C6EB92DDDD94E00BB4528 /* PBXTargetDependency */ = {
			isa = PBXTargetDependency;
			target = A42C6EAF2DDDD94D00BB4528 /* TProAthleteWatchApp Watch App */;
			targetProxy = A42C6EB82DDDD94E00BB4528 /* PBXContainerItemProxy */;
		};
		A4EA18D32DC02AA300E716C7 /* PBXTargetDependency */ = {
			isa = PBXTargetDependency;
			target = A4EA18C22DC02AA100E716C7 /* TProAthlete */;
			targetProxy = A4EA18D22DC02AA300E716C7 /* PBXContainerItemProxy */;
		};
		A4EA18DD2DC02AA300E716C7 /* PBXTargetDependency */ = {
			isa = PBXTargetDependency;
			target = A4EA18C22DC02AA100E716C7 /* TProAthlete */;
			targetProxy = A4EA18DC2DC02AA300E716C7 /* PBXContainerItemProxy */;
		};
/* End PBXTargetDependency section */

/* Begin XCBuildConfiguration section */
		A42C6EBC2DDDD94E00BB4528 /* Debug */ = {
			isa = XCBuildConfiguration;
			buildSettings = {
				ASSETCATALOG_COMPILER_APPICON_NAME = AppIcon;
				ASSETCATALOG_COMPILER_GLOBAL_ACCENT_COLOR_NAME = AccentColor;
				CODE_SIGN_STYLE = Automatic;
				CURRENT_PROJECT_VERSION = 1;
				DEVELOPMENT_TEAM = 696RGB9D2T;
				ENABLE_PREVIEWS = YES;
				GENERATE_INFOPLIST_FILE = YES;
				INFOPLIST_FILE = "TProAthleteWatchApp-Watch-App-Info.plist";
				INFOPLIST_KEY_CFBundleDisplayName = TProAthleteWatchApp;
				INFOPLIST_KEY_UISupportedInterfaceOrientations = "UIInterfaceOrientationPortrait UIInterfaceOrientationPortraitUpsideDown";
				INFOPLIST_KEY_WKCompanionAppBundleIdentifier = com.jeckytoledo.TProAthlete;
				LD_RUNPATH_SEARCH_PATHS = (
					"$(inherited)",
					"@executable_path/Frameworks",
				);
				MARKETING_VERSION = 1.0;
				PRODUCT_BUNDLE_IDENTIFIER = com.jeckytoledo.TProAthlete.watchkitapp;
				PRODUCT_NAME = "$(TARGET_NAME)";
				SDKROOT = watchos;
				SKIP_INSTALL = YES;
				SWIFT_EMIT_LOC_STRINGS = YES;
				SWIFT_VERSION = 5.0;
				TARGETED_DEVICE_FAMILY = 4;
				WATCHOS_DEPLOYMENT_TARGET = 11.4;
			};
			name = Debug;
		};
		A42C6EBD2DDDD94E00BB4528 /* Release */ = {
			isa = XCBuildConfiguration;
			buildSettings = {
				ASSETCATALOG_COMPILER_APPICON_NAME = AppIcon;
				ASSETCATALOG_COMPILER_GLOBAL_ACCENT_COLOR_NAME = AccentColor;
				CODE_SIGN_STYLE = Automatic;
				CURRENT_PROJECT_VERSION = 1;
				DEVELOPMENT_TEAM = 696RGB9D2T;
				ENABLE_PREVIEWS = YES;
				GENERATE_INFOPLIST_FILE = YES;
				INFOPLIST_FILE = "TProAthleteWatchApp-Watch-App-Info.plist";
				INFOPLIST_KEY_CFBundleDisplayName = TProAthleteWatchApp;
				INFOPLIST_KEY_UISupportedInterfaceOrientations = "UIInterfaceOrientationPortrait UIInterfaceOrientationPortraitUpsideDown";
				INFOPLIST_KEY_WKCompanionAppBundleIdentifier = com.jeckytoledo.TProAthlete;
				LD_RUNPATH_SEARCH_PATHS = (
					"$(inherited)",
					"@executable_path/Frameworks",
				);
				MARKETING_VERSION = 1.0;
				PRODUCT_BUNDLE_IDENTIFIER = com.jeckytoledo.TProAthlete.watchkitapp;
				PRODUCT_NAME = "$(TARGET_NAME)";
				SDKROOT = watchos;
				SKIP_INSTALL = YES;
				SWIFT_EMIT_LOC_STRINGS = YES;
				SWIFT_VERSION = 5.0;
				TARGETED_DEVICE_FAMILY = 4;
				VALIDATE_PRODUCT = YES;
				WATCHOS_DEPLOYMENT_TARGET = 11.4;
			};
			name = Release;
		};
		A4EA18E32DC02AA300E716C7 /* Debug */ = {
			isa = XCBuildConfiguration;
			buildSettings = {
				ALWAYS_SEARCH_USER_PATHS = NO;
				ASSETCATALOG_COMPILER_GENERATE_SWIFT_ASSET_SYMBOL_EXTENSIONS = YES;
				CLANG_ANALYZER_NONNULL = YES;
				CLANG_ANALYZER_NUMBER_OBJECT_CONVERSION = YES_AGGRESSIVE;
				CLANG_CXX_LANGUAGE_STANDARD = "gnu++20";
				CLANG_ENABLE_MODULES = YES;
				CLANG_ENABLE_OBJC_ARC = YES;
				CLANG_ENABLE_OBJC_WEAK = YES;
				CLANG_WARN_BLOCK_CAPTURE_AUTORELEASING = YES;
				CLANG_WARN_BOOL_CONVERSION = YES;
				CLANG_WARN_COMMA = YES;
				CLANG_WARN_CONSTANT_CONVERSION = YES;
				CLANG_WARN_DEPRECATED_OBJC_IMPLEMENTATIONS = YES;
				CLANG_WARN_DIRECT_OBJC_ISA_USAGE = YES_ERROR;
				CLANG_WARN_DOCUMENTATION_COMMENTS = YES;
				CLANG_WARN_EMPTY_BODY = YES;
				CLANG_WARN_ENUM_CONVERSION = YES;
				CLANG_WARN_INFINITE_RECURSION = YES;
				CLANG_WARN_INT_CONVERSION = YES;
				CLANG_WARN_NON_LITERAL_NULL_CONVERSION = YES;
				CLANG_WARN_OBJC_IMPLICIT_RETAIN_SELF = YES;
				CLANG_WARN_OBJC_LITERAL_CONVERSION = YES;
				CLANG_WARN_OBJC_ROOT_CLASS = YES_ERROR;
				CLANG_WARN_QUOTED_INCLUDE_IN_FRAMEWORK_HEADER = YES;
				CLANG_WARN_RANGE_LOOP_ANALYSIS = YES;
				CLANG_WARN_STRICT_PROTOTYPES = YES;
				CLANG_WARN_SUSPICIOUS_MOVE = YES;
				CLANG_WARN_UNGUARDED_AVAILABILITY = YES_AGGRESSIVE;
				CLANG_WARN_UNREACHABLE_CODE = YES;
				CLANG_WARN__DUPLICATE_METHOD_MATCH = YES;
				COPY_PHASE_STRIP = NO;
				DEBUG_INFORMATION_FORMAT = dwarf;
				DEVELOPMENT_TEAM = 696RGB9D2T;
				ENABLE_STRICT_OBJC_MSGSEND = YES;
				ENABLE_TESTABILITY = YES;
				ENABLE_USER_SCRIPT_SANDBOXING = YES;
				GCC_C_LANGUAGE_STANDARD = gnu17;
				GCC_DYNAMIC_NO_PIC = NO;
				GCC_NO_COMMON_BLOCKS = YES;
				GCC_OPTIMIZATION_LEVEL = 0;
				GCC_PREPROCESSOR_DEFINITIONS = (
					"DEBUG=1",
					"$(inherited)",
				);
				GCC_WARN_64_TO_32_BIT_CONVERSION = YES;
				GCC_WARN_ABOUT_RETURN_TYPE = YES_ERROR;
				GCC_WARN_UNDECLARED_SELECTOR = YES;
				GCC_WARN_UNINITIALIZED_AUTOS = YES_AGGRESSIVE;
				GCC_WARN_UNUSED_FUNCTION = YES;
				GCC_WARN_UNUSED_VARIABLE = YES;
				LOCALIZATION_PREFERS_STRING_CATALOGS = YES;
				MTL_ENABLE_DEBUG_INFO = INCLUDE_SOURCE;
				MTL_FAST_MATH = YES;
				ONLY_ACTIVE_ARCH = YES;
				SWIFT_ACTIVE_COMPILATION_CONDITIONS = "DEBUG $(inherited)";
				SWIFT_OPTIMIZATION_LEVEL = "-Onone";
			};
			name = Debug;
		};
		A4EA18E42DC02AA300E716C7 /* Release */ = {
			isa = XCBuildConfiguration;
			buildSettings = {
				ALWAYS_SEARCH_USER_PATHS = NO;
				ASSETCATALOG_COMPILER_GENERATE_SWIFT_ASSET_SYMBOL_EXTENSIONS = YES;
				CLANG_ANALYZER_NONNULL = YES;
				CLANG_ANALYZER_NUMBER_OBJECT_CONVERSION = YES_AGGRESSIVE;
				CLANG_CXX_LANGUAGE_STANDARD = "gnu++20";
				CLANG_ENABLE_MODULES = YES;
				CLANG_ENABLE_OBJC_ARC = YES;
				CLANG_ENABLE_OBJC_WEAK = YES;
				CLANG_WARN_BLOCK_CAPTURE_AUTORELEASING = YES;
				CLANG_WARN_BOOL_CONVERSION = YES;
				CLANG_WARN_COMMA = YES;
				CLANG_WARN_CONSTANT_CONVERSION = YES;
				CLANG_WARN_DEPRECATED_OBJC_IMPLEMENTATIONS = YES;
				CLANG_WARN_DIRECT_OBJC_ISA_USAGE = YES_ERROR;
				CLANG_WARN_DOCUMENTATION_COMMENTS = YES;
				CLANG_WARN_EMPTY_BODY = YES;
				CLANG_WARN_ENUM_CONVERSION = YES;
				CLANG_WARN_INFINITE_RECURSION = YES;
				CLANG_WARN_INT_CONVERSION = YES;
				CLANG_WARN_NON_LITERAL_NULL_CONVERSION = YES;
				CLANG_WARN_OBJC_IMPLICIT_RETAIN_SELF = YES;
				CLANG_WARN_OBJC_LITERAL_CONVERSION = YES;
				CLANG_WARN_OBJC_ROOT_CLASS = YES_ERROR;
				CLANG_WARN_QUOTED_INCLUDE_IN_FRAMEWORK_HEADER = YES;
				CLANG_WARN_RANGE_LOOP_ANALYSIS = YES;
				CLANG_WARN_STRICT_PROTOTYPES = YES;
				CLANG_WARN_SUSPICIOUS_MOVE = YES;
				CLANG_WARN_UNGUARDED_AVAILABILITY = YES_AGGRESSIVE;
				CLANG_WARN_UNREACHABLE_CODE = YES;
				CLANG_WARN__DUPLICATE_METHOD_MATCH = YES;
				COPY_PHASE_STRIP = NO;
				DEBUG_INFORMATION_FORMAT = "dwarf-with-dsym";
				DEVELOPMENT_TEAM = 696RGB9D2T;
				ENABLE_NS_ASSERTIONS = NO;
				ENABLE_STRICT_OBJC_MSGSEND = YES;
				ENABLE_USER_SCRIPT_SANDBOXING = YES;
				GCC_C_LANGUAGE_STANDARD = gnu17;
				GCC_NO_COMMON_BLOCKS = YES;
				GCC_WARN_64_TO_32_BIT_CONVERSION = YES;
				GCC_WARN_ABOUT_RETURN_TYPE = YES_ERROR;
				GCC_WARN_UNDECLARED_SELECTOR = YES;
				GCC_WARN_UNINITIALIZED_AUTOS = YES_AGGRESSIVE;
				GCC_WARN_UNUSED_FUNCTION = YES;
				GCC_WARN_UNUSED_VARIABLE = YES;
				LOCALIZATION_PREFERS_STRING_CATALOGS = YES;
				MTL_ENABLE_DEBUG_INFO = NO;
				MTL_FAST_MATH = YES;
				SWIFT_COMPILATION_MODE = wholemodule;
			};
			name = Release;
		};
		A4EA18E62DC02AA300E716C7 /* Debug */ = {
			isa = XCBuildConfiguration;
			buildSettings = {
				ASSETCATALOG_COMPILER_APPICON_NAME = AppIcon;
				ASSETCATALOG_COMPILER_GLOBAL_ACCENT_COLOR_NAME = AccentColor;
				CODE_SIGN_ENTITLEMENTS = PunchKickTraining/PunchKickTraining.entitlements;
				"CODE_SIGN_IDENTITY[sdk=macosx*]" = "Apple Development";
				CODE_SIGN_STYLE = Automatic;
				CURRENT_PROJECT_VERSION = 1;
				DEVELOPMENT_TEAM = 696RGB9D2T;
				ENABLE_HARDENED_RUNTIME = YES;
				ENABLE_PREVIEWS = YES;
				GENERATE_INFOPLIST_FILE = YES;
				INFOPLIST_FILE = PunchKickTraining/Info.plist;
				INFOPLIST_KEY_CFBundleDisplayName = DopaPro;
				INFOPLIST_KEY_LSApplicationCategoryType = "";
				INFOPLIST_KEY_NSBluetoothAlwaysUsageDescription = "This app uses BlueTooth to connect your puch tracker system\n<!DOCTYPE plist PUBLIC \"-//Apple//DTD PLIST 1.0//EN\" \"http://www.apple.com/DTDs/PropertyList-1.0.dtd\">\n<plist version=\"1.0\">\n<string>This app uses Bluetooth to connect to your punch sensor</string>\n</plist>\n<?xml version=\"1.0\" encoding=\"UTF-8\"?>\n<!DOCTYPE plist PUBLIC \"-//Apple//DTD PLIST 1.0//EN\" \"http://www.apple.com/DTDs/PropertyList-1.0.dtd\">\n<plist version=\"1.0\">\n<string>This app uses Bluetooth to connect to your punch sensor</string>\n</plist>\nThis app uses Bluetooth to connect your punchKick tracker.";
				"INFOPLIST_KEY_UIApplicationSceneManifest_Generation[sdk=iphoneos*]" = YES;
				"INFOPLIST_KEY_UIApplicationSceneManifest_Generation[sdk=iphonesimulator*]" = YES;
				"INFOPLIST_KEY_UIApplicationSupportsIndirectInputEvents[sdk=iphoneos*]" = YES;
				"INFOPLIST_KEY_UIApplicationSupportsIndirectInputEvents[sdk=iphonesimulator*]" = YES;
				"INFOPLIST_KEY_UILaunchScreen_Generation[sdk=iphoneos*]" = YES;
				"INFOPLIST_KEY_UILaunchScreen_Generation[sdk=iphonesimulator*]" = YES;
				INFOPLIST_KEY_UILaunchStoryboardName = LaunchScreen;
				"INFOPLIST_KEY_UIStatusBarStyle[sdk=iphoneos*]" = UIStatusBarStyleDefault;
				"INFOPLIST_KEY_UIStatusBarStyle[sdk=iphonesimulator*]" = UIStatusBarStyleDefault;
				INFOPLIST_KEY_UISupportedInterfaceOrientations_iPad = "UIInterfaceOrientationPortrait UIInterfaceOrientationPortraitUpsideDown UIInterfaceOrientationLandscapeLeft UIInterfaceOrientationLandscapeRight";
				INFOPLIST_KEY_UISupportedInterfaceOrientations_iPhone = "UIInterfaceOrientationPortrait UIInterfaceOrientationLandscapeLeft UIInterfaceOrientationLandscapeRight";
				IPHONEOS_DEPLOYMENT_TARGET = 18.4;
				LD_RUNPATH_SEARCH_PATHS = "@executable_path/Frameworks";
				"LD_RUNPATH_SEARCH_PATHS[sdk=macosx*]" = "@executable_path/../Frameworks";
				MACOSX_DEPLOYMENT_TARGET = 15.3;
				MARKETING_VERSION = 1.0;
				PRODUCT_BUNDLE_IDENTIFIER = com.jeckytoledo.TProAthlete;
				PRODUCT_NAME = "$(TARGET_NAME)";
				REGISTER_APP_GROUPS = YES;
				SDKROOT = auto;
				SUPPORTED_PLATFORMS = "iphoneos iphonesimulator macosx xros xrsimulator";
				SWIFT_EMIT_LOC_STRINGS = YES;
				SWIFT_VERSION = 5.0;
				TARGETED_DEVICE_FAMILY = "1,2,7";
				XROS_DEPLOYMENT_TARGET = 2.4;
			};
			name = Debug;
		};
		A4EA18E72DC02AA300E716C7 /* Release */ = {
			isa = XCBuildConfiguration;
			buildSettings = {
				ASSETCATALOG_COMPILER_APPICON_NAME = AppIcon;
				ASSETCATALOG_COMPILER_GLOBAL_ACCENT_COLOR_NAME = AccentColor;
				CODE_SIGN_ENTITLEMENTS = PunchKickTraining/PunchKickTraining.entitlements;
				"CODE_SIGN_IDENTITY[sdk=macosx*]" = "Apple Development";
				CODE_SIGN_STYLE = Automatic;
				CURRENT_PROJECT_VERSION = 1;
				DEVELOPMENT_TEAM = 696RGB9D2T;
				ENABLE_HARDENED_RUNTIME = YES;
				ENABLE_PREVIEWS = YES;
				GENERATE_INFOPLIST_FILE = YES;
				INFOPLIST_FILE = PunchKickTraining/Info.plist;
				INFOPLIST_KEY_CFBundleDisplayName = DopaPro;
				INFOPLIST_KEY_LSApplicationCategoryType = "";
				INFOPLIST_KEY_NSBluetoothAlwaysUsageDescription = "This app uses BlueTooth to connect your puch tracker system\n<!DOCTYPE plist PUBLIC \"-//Apple//DTD PLIST 1.0//EN\" \"http://www.apple.com/DTDs/PropertyList-1.0.dtd\">\n<plist version=\"1.0\">\n<string>This app uses Bluetooth to connect to your punch sensor</string>\n</plist>\n<?xml version=\"1.0\" encoding=\"UTF-8\"?>\n<!DOCTYPE plist PUBLIC \"-//Apple//DTD PLIST 1.0//EN\" \"http://www.apple.com/DTDs/PropertyList-1.0.dtd\">\n<plist version=\"1.0\">\n<string>This app uses Bluetooth to connect to your punch sensor</string>\n</plist>\nThis app uses Bluetooth to connect your punchKick tracker.";
				"INFOPLIST_KEY_UIApplicationSceneManifest_Generation[sdk=iphoneos*]" = YES;
				"INFOPLIST_KEY_UIApplicationSceneManifest_Generation[sdk=iphonesimulator*]" = YES;
				"INFOPLIST_KEY_UIApplicationSupportsIndirectInputEvents[sdk=iphoneos*]" = YES;
				"INFOPLIST_KEY_UIApplicationSupportsIndirectInputEvents[sdk=iphonesimulator*]" = YES;
				"INFOPLIST_KEY_UILaunchScreen_Generation[sdk=iphoneos*]" = YES;
				"INFOPLIST_KEY_UILaunchScreen_Generation[sdk=iphonesimulator*]" = YES;
				INFOPLIST_KEY_UILaunchStoryboardName = LaunchScreen;
				"INFOPLIST_KEY_UIStatusBarStyle[sdk=iphoneos*]" = UIStatusBarStyleDefault;
				"INFOPLIST_KEY_UIStatusBarStyle[sdk=iphonesimulator*]" = UIStatusBarStyleDefault;
				INFOPLIST_KEY_UISupportedInterfaceOrientations_iPad = "UIInterfaceOrientationPortrait UIInterfaceOrientationPortraitUpsideDown UIInterfaceOrientationLandscapeLeft UIInterfaceOrientationLandscapeRight";
				INFOPLIST_KEY_UISupportedInterfaceOrientations_iPhone = "UIInterfaceOrientationPortrait UIInterfaceOrientationLandscapeLeft UIInterfaceOrientationLandscapeRight";
				IPHONEOS_DEPLOYMENT_TARGET = 18.4;
				LD_RUNPATH_SEARCH_PATHS = "@executable_path/Frameworks";
				"LD_RUNPATH_SEARCH_PATHS[sdk=macosx*]" = "@executable_path/../Frameworks";
				MACOSX_DEPLOYMENT_TARGET = 15.3;
				MARKETING_VERSION = 1.0;
				PRODUCT_BUNDLE_IDENTIFIER = com.jeckytoledo.TProAthlete;
				PRODUCT_NAME = "$(TARGET_NAME)";
				REGISTER_APP_GROUPS = YES;
				SDKROOT = auto;
				SUPPORTED_PLATFORMS = "iphoneos iphonesimulator macosx xros xrsimulator";
				SWIFT_EMIT_LOC_STRINGS = YES;
				SWIFT_VERSION = 5.0;
				TARGETED_DEVICE_FAMILY = "1,2,7";
				XROS_DEPLOYMENT_TARGET = 2.4;
			};
			name = Release;
		};
		A4EA18E92DC02AA300E716C7 /* Debug */ = {
			isa = XCBuildConfiguration;
			buildSettings = {
				BUNDLE_LOADER = "$(TEST_HOST)";
				CODE_SIGN_STYLE = Automatic;
				CURRENT_PROJECT_VERSION = 1;
				DEVELOPMENT_TEAM = 696RGB9D2T;
				GENERATE_INFOPLIST_FILE = YES;
				IPHONEOS_DEPLOYMENT_TARGET = 18.4;
				MACOSX_DEPLOYMENT_TARGET = 15.3;
				MARKETING_VERSION = 1.0;
				PRODUCT_BUNDLE_IDENTIFIER = com.toledo.PunchKickTrainingTests;
				PRODUCT_NAME = "$(TARGET_NAME)";
				SDKROOT = auto;
				SUPPORTED_PLATFORMS = "iphoneos iphonesimulator macosx xros xrsimulator";
				SWIFT_EMIT_LOC_STRINGS = NO;
				SWIFT_VERSION = 5.0;
				TARGETED_DEVICE_FAMILY = "1,2,7";
				TEST_HOST = "$(BUILT_PRODUCTS_DIR)/TProAthlete.app/$(BUNDLE_EXECUTABLE_FOLDER_PATH)/TProAthlete";
				XROS_DEPLOYMENT_TARGET = 2.4;
			};
			name = Debug;
		};
		A4EA18EA2DC02AA300E716C7 /* Release */ = {
			isa = XCBuildConfiguration;
			buildSettings = {
				BUNDLE_LOADER = "$(TEST_HOST)";
				CODE_SIGN_STYLE = Automatic;
				CURRENT_PROJECT_VERSION = 1;
				DEVELOPMENT_TEAM = 696RGB9D2T;
				GENERATE_INFOPLIST_FILE = YES;
				IPHONEOS_DEPLOYMENT_TARGET = 18.4;
				MACOSX_DEPLOYMENT_TARGET = 15.3;
				MARKETING_VERSION = 1.0;
				PRODUCT_BUNDLE_IDENTIFIER = com.toledo.PunchKickTrainingTests;
				PRODUCT_NAME = "$(TARGET_NAME)";
				SDKROOT = auto;
				SUPPORTED_PLATFORMS = "iphoneos iphonesimulator macosx xros xrsimulator";
				SWIFT_EMIT_LOC_STRINGS = NO;
				SWIFT_VERSION = 5.0;
				TARGETED_DEVICE_FAMILY = "1,2,7";
				TEST_HOST = "$(BUILT_PRODUCTS_DIR)/TProAthlete.app/$(BUNDLE_EXECUTABLE_FOLDER_PATH)/TProAthlete";
				XROS_DEPLOYMENT_TARGET = 2.4;
			};
			name = Release;
		};
		A4EA18EC2DC02AA300E716C7 /* Debug */ = {
			isa = XCBuildConfiguration;
			buildSettings = {
				CODE_SIGN_STYLE = Automatic;
				CURRENT_PROJECT_VERSION = 1;
				DEVELOPMENT_TEAM = 696RGB9D2T;
				GENERATE_INFOPLIST_FILE = YES;
				IPHONEOS_DEPLOYMENT_TARGET = 18.4;
				MACOSX_DEPLOYMENT_TARGET = 15.3;
				MARKETING_VERSION = 1.0;
				PRODUCT_BUNDLE_IDENTIFIER = com.toledo.PunchKickTrainingUITests;
				PRODUCT_NAME = "$(TARGET_NAME)";
				SDKROOT = auto;
				SUPPORTED_PLATFORMS = "iphoneos iphonesimulator macosx xros xrsimulator";
				SWIFT_EMIT_LOC_STRINGS = NO;
				SWIFT_VERSION = 5.0;
				TARGETED_DEVICE_FAMILY = "1,2,7";
				TEST_TARGET_NAME = PunchKickTraining;
				XROS_DEPLOYMENT_TARGET = 2.4;
			};
			name = Debug;
		};
		A4EA18ED2DC02AA300E716C7 /* Release */ = {
			isa = XCBuildConfiguration;
			buildSettings = {
				CODE_SIGN_STYLE = Automatic;
				CURRENT_PROJECT_VERSION = 1;
				DEVELOPMENT_TEAM = 696RGB9D2T;
				GENERATE_INFOPLIST_FILE = YES;
				IPHONEOS_DEPLOYMENT_TARGET = 18.4;
				MACOSX_DEPLOYMENT_TARGET = 15.3;
				MARKETING_VERSION = 1.0;
				PRODUCT_BUNDLE_IDENTIFIER = com.toledo.PunchKickTrainingUITests;
				PRODUCT_NAME = "$(TARGET_NAME)";
				SDKROOT = auto;
				SUPPORTED_PLATFORMS = "iphoneos iphonesimulator macosx xros xrsimulator";
				SWIFT_EMIT_LOC_STRINGS = NO;
				SWIFT_VERSION = 5.0;
				TARGETED_DEVICE_FAMILY = "1,2,7";
				TEST_TARGET_NAME = PunchKickTraining;
				XROS_DEPLOYMENT_TARGET = 2.4;
			};
			name = Release;
		};
/* End XCBuildConfiguration section */

/* Begin XCConfigurationList section */
		A42C6EBB2DDDD94E00BB4528 /* Build configuration list for PBXNativeTarget "TProAthleteWatchApp Watch App" */ = {
			isa = XCConfigurationList;
			buildConfigurations = (
				A42C6EBC2DDDD94E00BB4528 /* Debug */,
				A42C6EBD2DDDD94E00BB4528 /* Release */,
			);
			defaultConfigurationIsVisible = 0;
			defaultConfigurationName = Release;
		};
		A4EA18BE2DC02AA100E716C7 /* Build configuration list for PBXProject "TProAthlete" */ = {
			isa = XCConfigurationList;
			buildConfigurations = (
				A4EA18E32DC02AA300E716C7 /* Debug */,
				A4EA18E42DC02AA300E716C7 /* Release */,
			);
			defaultConfigurationIsVisible = 0;
			defaultConfigurationName = Release;
		};
		A4EA18E52DC02AA300E716C7 /* Build configuration list for PBXNativeTarget "TProAthlete" */ = {
			isa = XCConfigurationList;
			buildConfigurations = (
				A4EA18E62DC02AA300E716C7 /* Debug */,
				A4EA18E72DC02AA300E716C7 /* Release */,
			);
			defaultConfigurationIsVisible = 0;
			defaultConfigurationName = Release;
		};
		A4EA18E82DC02AA300E716C7 /* Build configuration list for PBXNativeTarget "TProAthleteTests" */ = {
			isa = XCConfigurationList;
			buildConfigurations = (
				A4EA18E92DC02AA300E716C7 /* Debug */,
				A4EA18EA2DC02AA300E716C7 /* Release */,
			);
			defaultConfigurationIsVisible = 0;
			defaultConfigurationName = Release;
		};
		A4EA18EB2DC02AA300E716C7 /* Build configuration list for PBXNativeTarget "TProAthleteUITests" */ = {
			isa = XCConfigurationList;
			buildConfigurations = (
				A4EA18EC2DC02AA300E716C7 /* Debug */,
				A4EA18ED2DC02AA300E716C7 /* Release */,
			);
			defaultConfigurationIsVisible = 0;
			defaultConfigurationName = Release;
		};
/* End XCConfigurationList section */

/* Begin XCRemoteSwiftPackageReference section */
		A4BD43482DCFB68800DEEA3A /* XCRemoteSwiftPackageReference "firebase-ios-sdk" */ = {
			isa = XCRemoteSwiftPackageReference;
			repositoryURL = "https://github.com/firebase/firebase-ios-sdk";
			requirement = {
				kind = upToNextMajorVersion;
				minimumVersion = 10.5.0;
			};
		};
/* End XCRemoteSwiftPackageReference section */

/* Begin XCSwiftPackageProductDependency section */
		A4BD43492DCFB68800DEEA3A /* FirebaseFirestore */ = {
			isa = XCSwiftPackageProductDependency;
			package = A4BD43482DCFB68800DEEA3A /* XCRemoteSwiftPackageReference "firebase-ios-sdk" */;
			productName = FirebaseFirestore;
		};
		A4BD434B2DCFB68800DEEA3A /* FirebaseFirestoreSwift */ = {
			isa = XCSwiftPackageProductDependency;
			package = A4BD43482DCFB68800DEEA3A /* XCRemoteSwiftPackageReference "firebase-ios-sdk" */;
			productName = FirebaseFirestoreSwift;
		};
		A4C41E2E2DEB1D9F00DFDC30 /* FirebaseAuth */ = {
			isa = XCSwiftPackageProductDependency;
			package = A4BD43482DCFB68800DEEA3A /* XCRemoteSwiftPackageReference "firebase-ios-sdk" */;
			productName = FirebaseAuth;
		};
/* End XCSwiftPackageProductDependency section */
	};
	rootObject = A4EA18BB2DC02AA100E716C7 /* Project object */;
}
